// !$*UTF8*$!
{
	archiveVersion = 1;
	classes = {
	};
	objectVersion = 46;
	objects = {

/* Begin PBXBuildFile section */
		04024AFD1A20ED0B0029DF90 /* QuakeService.swift in Sources */ = {isa = PBXBuildFile; fileRef = 04024AFC1A20ED0B0029DF90 /* QuakeService.swift */; };
		04024AFF1A20EE900029DF90 /* QuakeDelegate.swift in Sources */ = {isa = PBXBuildFile; fileRef = 04024AFE1A20EE900029DF90 /* QuakeDelegate.swift */; };
		04A03FA81A334B5B00E44B4A /* TestViewController.swift in Sources */ = {isa = PBXBuildFile; fileRef = 04A03FA71A334B5B00E44B4A /* TestViewController.swift */; };
		04A03FAE1A3361FE00E44B4A /* Images.xcassets in Resources */ = {isa = PBXBuildFile; fileRef = 04A03FAD1A3361FE00E44B4A /* Images.xcassets */; };
		04A994041A20C79500BD5BDF /* AppDelegate.swift in Sources */ = {isa = PBXBuildFile; fileRef = 04A994031A20C79500BD5BDF /* AppDelegate.swift */; };
		04A994091A20C79500BD5BDF /* Main.storyboard in Resources */ = {isa = PBXBuildFile; fileRef = 04A994071A20C79500BD5BDF /* Main.storyboard */; };
		04A9940E1A20C79500BD5BDF /* LaunchScreen.xib in Resources */ = {isa = PBXBuildFile; fileRef = 04A9940C1A20C79500BD5BDF /* LaunchScreen.xib */; };
		04A9941A1A20C79500BD5BDF /* QuakeRadarTests.swift in Sources */ = {isa = PBXBuildFile; fileRef = 04A994191A20C79500BD5BDF /* QuakeRadarTests.swift */; };
		04A994261A20C8D400BD5BDF /* ListTableViewController.swift in Sources */ = {isa = PBXBuildFile; fileRef = 04A994251A20C8D400BD5BDF /* ListTableViewController.swift */; };
		04A994281A20C92300BD5BDF /* MapViewController.swift in Sources */ = {isa = PBXBuildFile; fileRef = 04A994271A20C92300BD5BDF /* MapViewController.swift */; };
		04A994351A20D0ED00BD5BDF /* Alamofire.framework in Copy Frameworks */ = {isa = PBXBuildFile; fileRef = 04A9942F1A20D03F00BD5BDF /* Alamofire.framework */; settings = {ATTRIBUTES = (CodeSignOnCopy, RemoveHeadersOnCopy, ); }; };
		04A994371A20D87000BD5BDF /* Quake.swift in Sources */ = {isa = PBXBuildFile; fileRef = 04A994361A20D87000BD5BDF /* Quake.swift */; };
		04A994491A20DA9400BD5BDF /* SwiftyJSON.framework in Copy Frameworks */ = {isa = PBXBuildFile; fileRef = 04A994401A20DA7B00BD5BDF /* SwiftyJSON.framework */; settings = {ATTRIBUTES = (CodeSignOnCopy, RemoveHeadersOnCopy, ); }; };
		04A9944B1A20E58600BD5BDF /* MapKit.framework in Frameworks */ = {isa = PBXBuildFile; fileRef = 04A9944A1A20E58600BD5BDF /* MapKit.framework */; };
		04A9944D1A20E58F00BD5BDF /* CoreLocation.framework in Frameworks */ = {isa = PBXBuildFile; fileRef = 04A9944C1A20E58F00BD5BDF /* CoreLocation.framework */; };
/* End PBXBuildFile section */

/* Begin PBXContainerItemProxy section */
		04A994141A20C79500BD5BDF /* PBXContainerItemProxy */ = {
			isa = PBXContainerItemProxy;
			containerPortal = 04A993F61A20C79500BD5BDF /* Project object */;
			proxyType = 1;
			remoteGlobalIDString = 04A993FD1A20C79500BD5BDF;
			remoteInfo = QuakeRadar;
		};
		04A9942E1A20D03F00BD5BDF /* PBXContainerItemProxy */ = {
			isa = PBXContainerItemProxy;
			containerPortal = 04A994291A20D03F00BD5BDF /* Alamofire.xcodeproj */;
			proxyType = 2;
			remoteGlobalIDString = F8111E3319A95C8B0040E7D1;
			remoteInfo = Alamofire;
		};
		04A994301A20D03F00BD5BDF /* PBXContainerItemProxy */ = {
			isa = PBXContainerItemProxy;
			containerPortal = 04A994291A20D03F00BD5BDF /* Alamofire.xcodeproj */;
			proxyType = 2;
			remoteGlobalIDString = F8111E3E19A95C8B0040E7D1;
			remoteInfo = AlamofireTests;
		};
		04A994321A20D09300BD5BDF /* PBXContainerItemProxy */ = {
			isa = PBXContainerItemProxy;
			containerPortal = 04A994291A20D03F00BD5BDF /* Alamofire.xcodeproj */;
			proxyType = 1;
			remoteGlobalIDString = F8111E3219A95C8B0040E7D1;
			remoteInfo = Alamofire;
		};
		04A9943F1A20DA7B00BD5BDF /* PBXContainerItemProxy */ = {
			isa = PBXContainerItemProxy;
			containerPortal = 04A994381A20DA7B00BD5BDF /* SwiftyJSON.xcodeproj */;
			proxyType = 2;
			remoteGlobalIDString = 2E4FEFDB19575BE100351305;
			remoteInfo = SwiftyJSON;
		};
		04A994411A20DA7B00BD5BDF /* PBXContainerItemProxy */ = {
			isa = PBXContainerItemProxy;
			containerPortal = 04A994381A20DA7B00BD5BDF /* SwiftyJSON.xcodeproj */;
			proxyType = 2;
			remoteGlobalIDString = 2E4FEFE619575BE100351305;
			remoteInfo = SwiftyJSONTests;
		};
		04A994431A20DA7B00BD5BDF /* PBXContainerItemProxy */ = {
			isa = PBXContainerItemProxy;
			containerPortal = 04A994381A20DA7B00BD5BDF /* SwiftyJSON.xcodeproj */;
			proxyType = 2;
			remoteGlobalIDString = 4EC1C1C91A0C1A2D0026ED0B;
			remoteInfo = SwiftyJSONOSX;
		};
		04A994451A20DA7B00BD5BDF /* PBXContainerItemProxy */ = {
			isa = PBXContainerItemProxy;
			containerPortal = 04A994381A20DA7B00BD5BDF /* SwiftyJSON.xcodeproj */;
			proxyType = 2;
			remoteGlobalIDString = 4EC1C1D31A0C1A2D0026ED0B;
			remoteInfo = SwiftyJSONOSXTests;
		};
		04A994471A20DA8C00BD5BDF /* PBXContainerItemProxy */ = {
			isa = PBXContainerItemProxy;
			containerPortal = 04A994381A20DA7B00BD5BDF /* SwiftyJSON.xcodeproj */;
			proxyType = 1;
			remoteGlobalIDString = 2E4FEFDA19575BE100351305;
			remoteInfo = SwiftyJSON;
		};
/* End PBXContainerItemProxy section */

/* Begin PBXCopyFilesBuildPhase section */
		04A994341A20D0B800BD5BDF /* Copy Frameworks */ = {
			isa = PBXCopyFilesBuildPhase;
			buildActionMask = 2147483647;
			dstPath = "";
			dstSubfolderSpec = 10;
			files = (
				04A994491A20DA9400BD5BDF /* SwiftyJSON.framework in Copy Frameworks */,
				04A994351A20D0ED00BD5BDF /* Alamofire.framework in Copy Frameworks */,
			);
			name = "Copy Frameworks";
			runOnlyForDeploymentPostprocessing = 0;
		};
/* End PBXCopyFilesBuildPhase section */

/* Begin PBXFileReference section */
		04024AFC1A20ED0B0029DF90 /* QuakeService.swift */ = {isa = PBXFileReference; fileEncoding = 4; lastKnownFileType = sourcecode.swift; path = QuakeService.swift; sourceTree = "<group>"; };
		04024AFE1A20EE900029DF90 /* QuakeDelegate.swift */ = {isa = PBXFileReference; fileEncoding = 4; lastKnownFileType = sourcecode.swift; path = QuakeDelegate.swift; sourceTree = "<group>"; };
		04A03FA71A334B5B00E44B4A /* TestViewController.swift */ = {isa = PBXFileReference; fileEncoding = 4; lastKnownFileType = sourcecode.swift; path = TestViewController.swift; sourceTree = "<group>"; };
		04A03FAD1A3361FE00E44B4A /* Images.xcassets */ = {isa = PBXFileReference; lastKnownFileType = folder.assetcatalog; path = Images.xcassets; sourceTree = "<group>"; };
		04A993FE1A20C79500BD5BDF /* QuakeRadar.app */ = {isa = PBXFileReference; explicitFileType = wrapper.application; includeInIndex = 0; path = QuakeRadar.app; sourceTree = BUILT_PRODUCTS_DIR; };
		04A994021A20C79500BD5BDF /* Info.plist */ = {isa = PBXFileReference; lastKnownFileType = text.plist.xml; path = Info.plist; sourceTree = "<group>"; };
		04A994031A20C79500BD5BDF /* AppDelegate.swift */ = {isa = PBXFileReference; lastKnownFileType = sourcecode.swift; path = AppDelegate.swift; sourceTree = "<group>"; };
		04A994081A20C79500BD5BDF /* Base */ = {isa = PBXFileReference; lastKnownFileType = file.storyboard; name = Base; path = Base.lproj/Main.storyboard; sourceTree = "<group>"; };
		04A9940D1A20C79500BD5BDF /* Base */ = {isa = PBXFileReference; lastKnownFileType = file.xib; name = Base; path = Base.lproj/LaunchScreen.xib; sourceTree = "<group>"; };
		04A994131A20C79500BD5BDF /* QuakeRadarTests.xctest */ = {isa = PBXFileReference; explicitFileType = wrapper.cfbundle; includeInIndex = 0; path = QuakeRadarTests.xctest; sourceTree = BUILT_PRODUCTS_DIR; };
		04A994181A20C79500BD5BDF /* Info.plist */ = {isa = PBXFileReference; lastKnownFileType = text.plist.xml; path = Info.plist; sourceTree = "<group>"; };
		04A994191A20C79500BD5BDF /* QuakeRadarTests.swift */ = {isa = PBXFileReference; lastKnownFileType = sourcecode.swift; path = QuakeRadarTests.swift; sourceTree = "<group>"; };
		04A994251A20C8D400BD5BDF /* ListTableViewController.swift */ = {isa = PBXFileReference; fileEncoding = 4; lastKnownFileType = sourcecode.swift; path = ListTableViewController.swift; sourceTree = "<group>"; };
		04A994271A20C92300BD5BDF /* MapViewController.swift */ = {isa = PBXFileReference; fileEncoding = 4; lastKnownFileType = sourcecode.swift; path = MapViewController.swift; sourceTree = "<group>"; };
		04A994291A20D03F00BD5BDF /* Alamofire.xcodeproj */ = {isa = PBXFileReference; lastKnownFileType = "wrapper.pb-project"; name = Alamofire.xcodeproj; path = Alamofire/Alamofire.xcodeproj; sourceTree = "<group>"; };
		04A994361A20D87000BD5BDF /* Quake.swift */ = {isa = PBXFileReference; fileEncoding = 4; lastKnownFileType = sourcecode.swift; path = Quake.swift; sourceTree = "<group>"; };
		04A994381A20DA7B00BD5BDF /* SwiftyJSON.xcodeproj */ = {isa = PBXFileReference; lastKnownFileType = "wrapper.pb-project"; name = SwiftyJSON.xcodeproj; path = SwiftyJSON/SwiftyJSON.xcodeproj; sourceTree = "<group>"; };
		04A9944A1A20E58600BD5BDF /* MapKit.framework */ = {isa = PBXFileReference; lastKnownFileType = wrapper.framework; name = MapKit.framework; path = System/Library/Frameworks/MapKit.framework; sourceTree = SDKROOT; };
		04A9944C1A20E58F00BD5BDF /* CoreLocation.framework */ = {isa = PBXFileReference; lastKnownFileType = wrapper.framework; name = CoreLocation.framework; path = System/Library/Frameworks/CoreLocation.framework; sourceTree = SDKROOT; };
/* End PBXFileReference section */

/* Begin PBXFrameworksBuildPhase section */
		04A993FB1A20C79500BD5BDF /* Frameworks */ = {
			isa = PBXFrameworksBuildPhase;
			buildActionMask = 2147483647;
			files = (
				04A9944D1A20E58F00BD5BDF /* CoreLocation.framework in Frameworks */,
				04A9944B1A20E58600BD5BDF /* MapKit.framework in Frameworks */,
			);
			runOnlyForDeploymentPostprocessing = 0;
		};
		04A994101A20C79500BD5BDF /* Frameworks */ = {
			isa = PBXFrameworksBuildPhase;
			buildActionMask = 2147483647;
			files = (
			);
			runOnlyForDeploymentPostprocessing = 0;
		};
/* End PBXFrameworksBuildPhase section */

/* Begin PBXGroup section */
		04024AF71A20ECDB0029DF90 /* Service */ = {
			isa = PBXGroup;
			children = (
				04024AFC1A20ED0B0029DF90 /* QuakeService.swift */,
				04024AFE1A20EE900029DF90 /* QuakeDelegate.swift */,
			);
			path = Service;
			sourceTree = "<group>";
		};
		04A993F51A20C79500BD5BDF = {
			isa = PBXGroup;
			children = (
				04A9944C1A20E58F00BD5BDF /* CoreLocation.framework */,
				04A9944A1A20E58600BD5BDF /* MapKit.framework */,
				04A994381A20DA7B00BD5BDF /* SwiftyJSON.xcodeproj */,
				04A994291A20D03F00BD5BDF /* Alamofire.xcodeproj */,
				04A994001A20C79500BD5BDF /* QuakeRadar */,
				04A994161A20C79500BD5BDF /* QuakeRadarTests */,
				04A993FF1A20C79500BD5BDF /* Products */,
			);
			sourceTree = "<group>";
		};
		04A993FF1A20C79500BD5BDF /* Products */ = {
			isa = PBXGroup;
			children = (
				04A993FE1A20C79500BD5BDF /* QuakeRadar.app */,
				04A994131A20C79500BD5BDF /* QuakeRadarTests.xctest */,
			);
			name = Products;
			sourceTree = "<group>";
		};
		04A994001A20C79500BD5BDF /* QuakeRadar */ = {
			isa = PBXGroup;
			children = (
				04A03FAD1A3361FE00E44B4A /* Images.xcassets */,
				04024AF71A20ECDB0029DF90 /* Service */,
				04A994241A20C7E300BD5BDF /* Model */,
				04A994231A20C7BD00BD5BDF /* ViewControllers */,
				04A994031A20C79500BD5BDF /* AppDelegate.swift */,
				04A994071A20C79500BD5BDF /* Main.storyboard */,
				04A03FA71A334B5B00E44B4A /* TestViewController.swift */,
				04A9940C1A20C79500BD5BDF /* LaunchScreen.xib */,
				04A994011A20C79500BD5BDF /* Supporting Files */,
			);
			path = QuakeRadar;
			sourceTree = "<group>";
		};
		04A994011A20C79500BD5BDF /* Supporting Files */ = {
			isa = PBXGroup;
			children = (
				04A994021A20C79500BD5BDF /* Info.plist */,
			);
			name = "Supporting Files";
			sourceTree = "<group>";
		};
		04A994161A20C79500BD5BDF /* QuakeRadarTests */ = {
			isa = PBXGroup;
			children = (
				04A994191A20C79500BD5BDF /* QuakeRadarTests.swift */,
				04A994171A20C79500BD5BDF /* Supporting Files */,
			);
			path = QuakeRadarTests;
			sourceTree = "<group>";
		};
		04A994171A20C79500BD5BDF /* Supporting Files */ = {
			isa = PBXGroup;
			children = (
				04A994181A20C79500BD5BDF /* Info.plist */,
			);
			name = "Supporting Files";
			sourceTree = "<group>";
		};
		04A994231A20C7BD00BD5BDF /* ViewControllers */ = {
			isa = PBXGroup;
			children = (
				04A994251A20C8D400BD5BDF /* ListTableViewController.swift */,
				04A994271A20C92300BD5BDF /* MapViewController.swift */,
			);
			path = ViewControllers;
			sourceTree = "<group>";
		};
		04A994241A20C7E300BD5BDF /* Model */ = {
			isa = PBXGroup;
			children = (
				04A994361A20D87000BD5BDF /* Quake.swift */,
			);
			path = Model;
			sourceTree = "<group>";
		};
		04A9942A1A20D03F00BD5BDF /* Products */ = {
			isa = PBXGroup;
			children = (
				04A9942F1A20D03F00BD5BDF /* Alamofire.framework */,
				04A994311A20D03F00BD5BDF /* AlamofireTests.xctest */,
			);
			name = Products;
			sourceTree = "<group>";
		};
		04A994391A20DA7B00BD5BDF /* Products */ = {
			isa = PBXGroup;
			children = (
				04A994401A20DA7B00BD5BDF /* SwiftyJSON.framework */,
				04A994421A20DA7B00BD5BDF /* SwiftyJSONTests.xctest */,
				04A994441A20DA7B00BD5BDF /* SwiftyJSON.framework */,
				04A994461A20DA7B00BD5BDF /* SwiftyJSONOSXTests.xctest */,
			);
			name = Products;
			sourceTree = "<group>";
		};
/* End PBXGroup section */

/* Begin PBXNativeTarget section */
		04A993FD1A20C79500BD5BDF /* QuakeRadar */ = {
			isa = PBXNativeTarget;
			buildConfigurationList = 04A9941D1A20C79500BD5BDF /* Build configuration list for PBXNativeTarget "QuakeRadar" */;
			buildPhases = (
				04A993FA1A20C79500BD5BDF /* Sources */,
				04A993FB1A20C79500BD5BDF /* Frameworks */,
				04A993FC1A20C79500BD5BDF /* Resources */,
				04A994341A20D0B800BD5BDF /* Copy Frameworks */,
			);
			buildRules = (
			);
			dependencies = (
				04A994481A20DA8C00BD5BDF /* PBXTargetDependency */,
				04A994331A20D09300BD5BDF /* PBXTargetDependency */,
			);
			name = QuakeRadar;
			productName = QuakeRadar;
			productReference = 04A993FE1A20C79500BD5BDF /* QuakeRadar.app */;
			productType = "com.apple.product-type.application";
		};
		04A994121A20C79500BD5BDF /* QuakeRadarTests */ = {
			isa = PBXNativeTarget;
			buildConfigurationList = 04A994201A20C79500BD5BDF /* Build configuration list for PBXNativeTarget "QuakeRadarTests" */;
			buildPhases = (
				04A9940F1A20C79500BD5BDF /* Sources */,
				04A994101A20C79500BD5BDF /* Frameworks */,
				04A994111A20C79500BD5BDF /* Resources */,
			);
			buildRules = (
			);
			dependencies = (
				04A994151A20C79500BD5BDF /* PBXTargetDependency */,
			);
			name = QuakeRadarTests;
			productName = QuakeRadarTests;
			productReference = 04A994131A20C79500BD5BDF /* QuakeRadarTests.xctest */;
			productType = "com.apple.product-type.bundle.unit-test";
		};
/* End PBXNativeTarget section */

/* Begin PBXProject section */
		04A993F61A20C79500BD5BDF /* Project object */ = {
			isa = PBXProject;
			attributes = {
				LastUpgradeCheck = 0610;
				ORGANIZATIONNAME = tekhne;
				TargetAttributes = {
					04A993FD1A20C79500BD5BDF = {
						CreatedOnToolsVersion = 6.1;
					};
					04A994121A20C79500BD5BDF = {
						CreatedOnToolsVersion = 6.1;
						TestTargetID = 04A993FD1A20C79500BD5BDF;
					};
				};
			};
			buildConfigurationList = 04A993F91A20C79500BD5BDF /* Build configuration list for PBXProject "QuakeRadar" */;
			compatibilityVersion = "Xcode 3.2";
			developmentRegion = English;
			hasScannedForEncodings = 0;
			knownRegions = (
				en,
				Base,
			);
			mainGroup = 04A993F51A20C79500BD5BDF;
			productRefGroup = 04A993FF1A20C79500BD5BDF /* Products */;
			projectDirPath = "";
			projectReferences = (
				{
					ProductGroup = 04A9942A1A20D03F00BD5BDF /* Products */;
					ProjectRef = 04A994291A20D03F00BD5BDF /* Alamofire.xcodeproj */;
				},
				{
					ProductGroup = 04A994391A20DA7B00BD5BDF /* Products */;
					ProjectRef = 04A994381A20DA7B00BD5BDF /* SwiftyJSON.xcodeproj */;
				},
			);
			projectRoot = "";
			targets = (
				04A993FD1A20C79500BD5BDF /* QuakeRadar */,
				04A994121A20C79500BD5BDF /* QuakeRadarTests */,
			);
		};
/* End PBXProject section */

/* Begin PBXReferenceProxy section */
		04A9942F1A20D03F00BD5BDF /* Alamofire.framework */ = {
			isa = PBXReferenceProxy;
			fileType = wrapper.framework;
			path = Alamofire.framework;
			remoteRef = 04A9942E1A20D03F00BD5BDF /* PBXContainerItemProxy */;
			sourceTree = BUILT_PRODUCTS_DIR;
		};
		04A994311A20D03F00BD5BDF /* AlamofireTests.xctest */ = {
			isa = PBXReferenceProxy;
			fileType = wrapper.cfbundle;
			path = AlamofireTests.xctest;
			remoteRef = 04A994301A20D03F00BD5BDF /* PBXContainerItemProxy */;
			sourceTree = BUILT_PRODUCTS_DIR;
		};
		04A994401A20DA7B00BD5BDF /* SwiftyJSON.framework */ = {
			isa = PBXReferenceProxy;
			fileType = wrapper.framework;
			path = SwiftyJSON.framework;
			remoteRef = 04A9943F1A20DA7B00BD5BDF /* PBXContainerItemProxy */;
			sourceTree = BUILT_PRODUCTS_DIR;
		};
		04A994421A20DA7B00BD5BDF /* SwiftyJSONTests.xctest */ = {
			isa = PBXReferenceProxy;
			fileType = wrapper.cfbundle;
			path = SwiftyJSONTests.xctest;
			remoteRef = 04A994411A20DA7B00BD5BDF /* PBXContainerItemProxy */;
			sourceTree = BUILT_PRODUCTS_DIR;
		};
		04A994441A20DA7B00BD5BDF /* SwiftyJSON.framework */ = {
			isa = PBXReferenceProxy;
			fileType = wrapper.framework;
			path = SwiftyJSON.framework;
			remoteRef = 04A994431A20DA7B00BD5BDF /* PBXContainerItemProxy */;
			sourceTree = BUILT_PRODUCTS_DIR;
		};
		04A994461A20DA7B00BD5BDF /* SwiftyJSONOSXTests.xctest */ = {
			isa = PBXReferenceProxy;
			fileType = wrapper.cfbundle;
			path = SwiftyJSONOSXTests.xctest;
			remoteRef = 04A994451A20DA7B00BD5BDF /* PBXContainerItemProxy */;
			sourceTree = BUILT_PRODUCTS_DIR;
		};
/* End PBXReferenceProxy section */

/* Begin PBXResourcesBuildPhase section */
		04A993FC1A20C79500BD5BDF /* Resources */ = {
			isa = PBXResourcesBuildPhase;
			buildActionMask = 2147483647;
			files = (
				04A03FAE1A3361FE00E44B4A /* Images.xcassets in Resources */,
				04A994091A20C79500BD5BDF /* Main.storyboard in Resources */,
				04A9940E1A20C79500BD5BDF /* LaunchScreen.xib in Resources */,
			);
			runOnlyForDeploymentPostprocessing = 0;
		};
		04A994111A20C79500BD5BDF /* Resources */ = {
			isa = PBXResourcesBuildPhase;
			buildActionMask = 2147483647;
			files = (
			);
			runOnlyForDeploymentPostprocessing = 0;
		};
/* End PBXResourcesBuildPhase section */

/* Begin PBXSourcesBuildPhase section */
		04A993FA1A20C79500BD5BDF /* Sources */ = {
			isa = PBXSourcesBuildPhase;
			buildActionMask = 2147483647;
			files = (
				04A03FA81A334B5B00E44B4A /* TestViewController.swift in Sources */,
				04024AFF1A20EE900029DF90 /* QuakeDelegate.swift in Sources */,
				04024AFD1A20ED0B0029DF90 /* QuakeService.swift in Sources */,
				04A994041A20C79500BD5BDF /* AppDelegate.swift in Sources */,
				04A994371A20D87000BD5BDF /* Quake.swift in Sources */,
				04A994281A20C92300BD5BDF /* MapViewController.swift in Sources */,
				04A994261A20C8D400BD5BDF /* ListTableViewController.swift in Sources */,
			);
			runOnlyForDeploymentPostprocessing = 0;
		};
		04A9940F1A20C79500BD5BDF /* Sources */ = {
			isa = PBXSourcesBuildPhase;
			buildActionMask = 2147483647;
			files = (
				04A9941A1A20C79500BD5BDF /* QuakeRadarTests.swift in Sources */,
			);
			runOnlyForDeploymentPostprocessing = 0;
		};
/* End PBXSourcesBuildPhase section */

/* Begin PBXTargetDependency section */
		04A994151A20C79500BD5BDF /* PBXTargetDependency */ = {
			isa = PBXTargetDependency;
			target = 04A993FD1A20C79500BD5BDF /* QuakeRadar */;
			targetProxy = 04A994141A20C79500BD5BDF /* PBXContainerItemProxy */;
		};
		04A994331A20D09300BD5BDF /* PBXTargetDependency */ = {
			isa = PBXTargetDependency;
			name = Alamofire;
			targetProxy = 04A994321A20D09300BD5BDF /* PBXContainerItemProxy */;
		};
		04A994481A20DA8C00BD5BDF /* PBXTargetDependency */ = {
			isa = PBXTargetDependency;
			name = SwiftyJSON;
			targetProxy = 04A994471A20DA8C00BD5BDF /* PBXContainerItemProxy */;
		};
/* End PBXTargetDependency section */

/* Begin PBXVariantGroup section */
		04A994071A20C79500BD5BDF /* Main.storyboard */ = {
			isa = PBXVariantGroup;
			children = (
				04A994081A20C79500BD5BDF /* Base */,
			);
			name = Main.storyboard;
			sourceTree = "<group>";
		};
		04A9940C1A20C79500BD5BDF /* LaunchScreen.xib */ = {
			isa = PBXVariantGroup;
			children = (
				04A9940D1A20C79500BD5BDF /* Base */,
			);
			name = LaunchScreen.xib;
			sourceTree = "<group>";
		};
/* End PBXVariantGroup section */

/* Begin XCBuildConfiguration section */
		04A9941B1A20C79500BD5BDF /* Debug */ = {
			isa = XCBuildConfiguration;
			buildSettings = {
				ALWAYS_SEARCH_USER_PATHS = NO;
				CLANG_CXX_LANGUAGE_STANDARD = "gnu++0x";
				CLANG_CXX_LIBRARY = "libc++";
				CLANG_ENABLE_MODULES = YES;
				CLANG_ENABLE_OBJC_ARC = YES;
				CLANG_WARN_BOOL_CONVERSION = YES;
				CLANG_WARN_CONSTANT_CONVERSION = YES;
				CLANG_WARN_DIRECT_OBJC_ISA_USAGE = YES_ERROR;
				CLANG_WARN_EMPTY_BODY = YES;
				CLANG_WARN_ENUM_CONVERSION = YES;
				CLANG_WARN_INT_CONVERSION = YES;
				CLANG_WARN_OBJC_ROOT_CLASS = YES_ERROR;
				CLANG_WARN_UNREACHABLE_CODE = YES;
				CLANG_WARN__DUPLICATE_METHOD_MATCH = YES;
				"CODE_SIGN_IDENTITY[sdk=iphoneos*]" = "iPhone Developer";
				COPY_PHASE_STRIP = NO;
				ENABLE_STRICT_OBJC_MSGSEND = YES;
				GCC_C_LANGUAGE_STANDARD = gnu99;
				GCC_DYNAMIC_NO_PIC = NO;
				GCC_OPTIMIZATION_LEVEL = 0;
				GCC_PREPROCESSOR_DEFINITIONS = (
					"DEBUG=1",
					"$(inherited)",
				);
				GCC_SYMBOLS_PRIVATE_EXTERN = NO;
				GCC_WARN_64_TO_32_BIT_CONVERSION = YES;
				GCC_WARN_ABOUT_RETURN_TYPE = YES_ERROR;
				GCC_WARN_UNDECLARED_SELECTOR = YES;
				GCC_WARN_UNINITIALIZED_AUTOS = YES_AGGRESSIVE;
				GCC_WARN_UNUSED_FUNCTION = YES;
				GCC_WARN_UNUSED_VARIABLE = YES;
				IPHONEOS_DEPLOYMENT_TARGET = 8.1;
				MTL_ENABLE_DEBUG_INFO = YES;
				ONLY_ACTIVE_ARCH = YES;
				SDKROOT = iphoneos;
				SWIFT_OPTIMIZATION_LEVEL = "-Onone";
				TARGETED_DEVICE_FAMILY = "1,2";
			};
			name = Debug;
		};
		04A9941C1A20C79500BD5BDF /* Release */ = {
			isa = XCBuildConfiguration;
			buildSettings = {
				ALWAYS_SEARCH_USER_PATHS = NO;
				CLANG_CXX_LANGUAGE_STANDARD = "gnu++0x";
				CLANG_CXX_LIBRARY = "libc++";
				CLANG_ENABLE_MODULES = YES;
				CLANG_ENABLE_OBJC_ARC = YES;
				CLANG_WARN_BOOL_CONVERSION = YES;
				CLANG_WARN_CONSTANT_CONVERSION = YES;
				CLANG_WARN_DIRECT_OBJC_ISA_USAGE = YES_ERROR;
				CLANG_WARN_EMPTY_BODY = YES;
				CLANG_WARN_ENUM_CONVERSION = YES;
				CLANG_WARN_INT_CONVERSION = YES;
				CLANG_WARN_OBJC_ROOT_CLASS = YES_ERROR;
				CLANG_WARN_UNREACHABLE_CODE = YES;
				CLANG_WARN__DUPLICATE_METHOD_MATCH = YES;
				"CODE_SIGN_IDENTITY[sdk=iphoneos*]" = "iPhone Developer";
				COPY_PHASE_STRIP = YES;
				ENABLE_NS_ASSERTIONS = NO;
				ENABLE_STRICT_OBJC_MSGSEND = YES;
				GCC_C_LANGUAGE_STANDARD = gnu99;
				GCC_WARN_64_TO_32_BIT_CONVERSION = YES;
				GCC_WARN_ABOUT_RETURN_TYPE = YES_ERROR;
				GCC_WARN_UNDECLARED_SELECTOR = YES;
				GCC_WARN_UNINITIALIZED_AUTOS = YES_AGGRESSIVE;
				GCC_WARN_UNUSED_FUNCTION = YES;
				GCC_WARN_UNUSED_VARIABLE = YES;
				IPHONEOS_DEPLOYMENT_TARGET = 8.1;
				MTL_ENABLE_DEBUG_INFO = NO;
				SDKROOT = iphoneos;
				TARGETED_DEVICE_FAMILY = "1,2";
				VALIDATE_PRODUCT = YES;
			};
			name = Release;
		};
		04A9941E1A20C79500BD5BDF /* Debug */ = {
			isa = XCBuildConfiguration;
			buildSettings = {
				ASSETCATALOG_COMPILER_APPICON_NAME = AppIcon;
				INFOPLIST_FILE = QuakeRadar/Info.plist;
				LD_RUNPATH_SEARCH_PATHS = "$(inherited) @executable_path/Frameworks";
				PRODUCT_NAME = "$(TARGET_NAME)";
			};
			name = Debug;
		};
		04A9941F1A20C79500BD5BDF /* Release */ = {
			isa = XCBuildConfiguration;
			buildSettings = {
				ASSETCATALOG_COMPILER_APPICON_NAME = AppIcon;
				INFOPLIST_FILE = QuakeRadar/Info.plist;
				LD_RUNPATH_SEARCH_PATHS = "$(inherited) @executable_path/Frameworks";
				PRODUCT_NAME = "$(TARGET_NAME)";
			};
			name = Release;
		};
		04A994211A20C79500BD5BDF /* Debug */ = {
			isa = XCBuildConfiguration;
			buildSettings = {
				BUNDLE_LOADER = "$(TEST_HOST)";
				FRAMEWORK_SEARCH_PATHS = (
					"$(SDKROOT)/Developer/Library/Frameworks",
					"$(inherited)",
				);
				GCC_PREPROCESSOR_DEFINITIONS = (
					"DEBUG=1",
					"$(inherited)",
				);
				INFOPLIST_FILE = QuakeRadarTests/Info.plist;
				LD_RUNPATH_SEARCH_PATHS = "$(inherited) @executable_path/Frameworks @loader_path/Frameworks";
				PRODUCT_NAME = "$(TARGET_NAME)";
				TEST_HOST = "$(BUILT_PRODUCTS_DIR)/QuakeRadar.app/QuakeRadar";
			};
			name = Debug;
		};
		04A994221A20C79500BD5BDF /* Release */ = {
			isa = XCBuildConfiguration;
			buildSettings = {
				BUNDLE_LOADER = "$(TEST_HOST)";
				FRAMEWORK_SEARCH_PATHS = (
					"$(SDKROOT)/Developer/Library/Frameworks",
					"$(inherited)",
				);
				INFOPLIST_FILE = QuakeRadarTests/Info.plist;
				LD_RUNPATH_SEARCH_PATHS = "$(inherited) @executable_path/Frameworks @loader_path/Frameworks";
				PRODUCT_NAME = "$(TARGET_NAME)";
				TEST_HOST = "$(BUILT_PRODUCTS_DIR)/QuakeRadar.app/QuakeRadar";
			};
			name = Release;
		};
/* End XCBuildConfiguration section */

/* Begin XCConfigurationList section */
		04A993F91A20C79500BD5BDF /* Build configuration list for PBXProject "QuakeRadar" */ = {
			isa = XCConfigurationList;
			buildConfigurations = (
				04A9941B1A20C79500BD5BDF /* Debug */,
				04A9941C1A20C79500BD5BDF /* Release */,
			);
			defaultConfigurationIsVisible = 0;
			defaultConfigurationName = Release;
		};
		04A9941D1A20C79500BD5BDF /* Build configuration list for PBXNativeTarget "QuakeRadar" */ = {
			isa = XCConfigurationList;
			buildConfigurations = (
				04A9941E1A20C79500BD5BDF /* Debug */,
				04A9941F1A20C79500BD5BDF /* Release */,
			);
			defaultConfigurationIsVisible = 0;
			defaultConfigurationName = Release;
		};
		04A994201A20C79500BD5BDF /* Build configuration list for PBXNativeTarget "QuakeRadarTests" */ = {
			isa = XCConfigurationList;
			buildConfigurations = (
				04A994211A20C79500BD5BDF /* Debug */,
				04A994221A20C79500BD5BDF /* Release */,
			);
			defaultConfigurationIsVisible = 0;
			defaultConfigurationName = Release;
		};
/* End XCConfigurationList section */
	};
	rootObject = 04A993F61A20C79500BD5BDF /* Project object */;
}
